
Microsoft Visual Studio Solution File, Format Version 12.00
# Visual Studio Version 17
VisualStudioVersion = 17.10.35122.118
MinimumVisualStudioVersion = 10.0.40219.1
Project("{FAE04EC0-301F-11D3-BF4B-00C04F79EFBC}") = "HeritageAPI", "HeritageAPI\HeritageAPI.csproj", "{F4BB5675-8E5B-4527-9BC5-9878950CC34A}"
EndProject
Global
	GlobalSection(SolutionConfigurationPlatforms) = preSolution
		Debug|Any CPU = Debug|Any CPU
		Release|Any CPU = Release|Any CPU
	EndGlobalSection
	GlobalSection(ProjectConfigurationPlatforms) = postSolution
		{F4BB5675-8E5B-4527-9BC5-9878950CC34A}.Debug|Any CPU.ActiveCfg = Debug|Any CPU
		{F4BB5675-8E5B-4527-9BC5-9878950CC34A}.Debug|Any CPU.Build.0 = Debug|Any CPU
		{F4BB5675-8E5B-4527-9BC5-9878950CC34A}.Release|Any CPU.ActiveCfg = Release|Any CPU
		{F4BB5675-8E5B-4527-9BC5-9878950CC34A}.Release|Any CPU.Build.0 = Release|Any CPU
	EndGlobalSection
	GlobalSection(SolutionProperties) = preSolution
		HideSolutionNode = FALSE
	EndGlobalSection
	GlobalSection(ExtensibilityGlobals) = postSolution
		SolutionGuid = {20068009-5C54-45B9-9962-DF87B9637D33}
	EndGlobalSection
EndGlobal
